
Microsoft Visual Studio Solution File, Format Version 12.00
# Visual Studio Version 16
VisualStudioVersion = 16.0.30621.155
MinimumVisualStudioVersion = 10.0.40219.1
Project("{FAE04EC0-301F-11D3-BF4B-00C04F79EFBC}") = "CrewScheduling", "Crewscheduling\CrewScheduling.csproj", "{27392B90-0776-4265-B8B4-FB171829AE55}"
EndProject
Global
	GlobalSection(SolutionConfigurationPlatforms) = preSolution
		Debug|Any CPU = Debug|Any CPU
		Release|Any CPU = Release|Any CPU
	EndGlobalSection
	GlobalSection(ProjectConfigurationPlatforms) = postSolution
		{27392B90-0776-4265-B8B4-FB171829AE55}.Debug|Any CPU.ActiveCfg = Debug|Any CPU
		{27392B90-0776-4265-B8B4-FB171829AE55}.Debug|Any CPU.Build.0 = Debug|Any CPU
		{27392B90-0776-4265-B8B4-FB171829AE55}.Release|Any CPU.ActiveCfg = Release|Any CPU
		{27392B90-0776-4265-B8B4-FB171829AE55}.Release|Any CPU.Build.0 = Release|Any CPU
	EndGlobalSection
	GlobalSection(SolutionProperties) = preSolution
		HideSolutionNode = FALSE
	EndGlobalSection
	GlobalSection(ExtensibilityGlobals) = postSolution
		SolutionGuid = {CEB18582-2BDB-4B5A-A08C-8171AE761149}
	EndGlobalSection
EndGlobal
